
Microsoft Visual Studio Solution File, Format Version 11.00
# Visual Studio 2010
Project("{FAE04EC0-301F-11D3-BF4B-00C04F79EFBC}") = "DatasetDemo", "DatasetDemo.csproj", "{99B0C659-4C42-437C-AD38-A1D70B6CE81F}"
EndProject
Global
	GlobalSection(SolutionConfigurationPlatforms) = preSolution
		Debug|x86 = Debug|x86
		Release|x86 = Release|x86
	EndGlobalSection
	GlobalSection(ProjectConfigurationPlatforms) = postSolution
		{99B0C659-4C42-437C-AD38-A1D70B6CE81F}.Debug|x86.ActiveCfg = Debug|x86
		{99B0C659-4C42-437C-AD38-A1D70B6CE81F}.Debug|x86.Build.0 = Debug|x86
		{99B0C659-4C42-437C-AD38-A1D70B6CE81F}.Release|x86.ActiveCfg = Release|x86
		{99B0C659-4C42-437C-AD38-A1D70B6CE81F}.Release|x86.Build.0 = Release|x86
	EndGlobalSection
	GlobalSection(SolutionProperties) = preSolution
		HideSolutionNode = FALSE
	EndGlobalSection
EndGlobal
