Microsoft Visual Studio Solution File, Format Version 11.00
# Visual Studio 2010
Project("{FAE04EC0-301F-11D3-BF4B-00C04F79EFBC}") = "Offices", "Offices.csproj", "{0BB67A06-7C2A-4F8A-9B85-56CF6176BC8B}"
EndProject
Global
	GlobalSection(SolutionConfigurationPlatforms) = preSolution
		Debug|Any CPU = Debug|Any CPU
		Release|Any CPU = Release|Any CPU
	EndGlobalSection
	GlobalSection(ProjectConfigurationPlatforms) = postSolution
		{0BB67A06-7C2A-4F8A-9B85-56CF6176BC8B}.Debug|Any CPU.ActiveCfg = Debug|Any CPU
		{0BB67A06-7C2A-4F8A-9B85-56CF6176BC8B}.Debug|Any CPU.Build.0 = Debug|Any CPU
		{0BB67A06-7C2A-4F8A-9B85-56CF6176BC8B}.Release|Any CPU.ActiveCfg = Release|Any CPU
		{0BB67A06-7C2A-4F8A-9B85-56CF6176BC8B}.Release|Any CPU.Build.0 = Release|Any CPU
	EndGlobalSection
	GlobalSection(SolutionProperties) = preSolution
		HideSolutionNode = FALSE
	EndGlobalSection
EndGlobal
